{
  "nodes": {
    "flake-compat": {
      "flake": false,
      "locked": {
        "lastModified": 1641205782,
        "narHash": "sha256-4jY7RCWUoZ9cKD8co0/4tFARpWB+57+r1bLLvXNJliY=",
        "owner": "edolstra",
        "repo": "flake-compat",
        "rev": "b7547d3eed6f32d06102ead8991ec52ab0a4f1a7",
        "type": "github"
      },
      "original": {
        "owner": "edolstra",
        "repo": "flake-compat",
        "type": "github"
      }
    },
    "flake-utils": {
      "locked": {
        "lastModified": 1644229661,
        "narHash": "sha256-1YdnJAsNy69bpcjuoKdOYQX0YxZBiCYZo4Twxerqv7k=",
        "owner": "numtide",
        "repo": "flake-utils",
        "rev": "3cecb5b042f7f209c56ffd8371b2711a290ec797",
        "type": "github"
      },
      "original": {
        "owner": "numtide",
        "repo": "flake-utils",
        "type": "github"
      }
    },
    "hardware-cfg": {
      "flake": false,
      "locked": {
        "lastModified": 1662813706,
        "narHash": "sha256-HVPYOs8Qm7oZWZI0rZu7syco/dcy1sODYzW+EvxgvLY=",
        "ref": "refs/heads/master",
        "rev": "51f3e2a4e18c1bf28da1e67dcf72e3bf36a04159",
        "revCount": 3,
        "type": "git",
        "url": "ssh://git@github.com/INTERUPT13/encrypted_zfs_remote-unlock_nixos_hardware.git"
      },
      "original": {
        "type": "git",
        "url": "ssh://git@github.com/INTERUPT13/encrypted_zfs_remote-unlock_nixos_hardware.git"
      }
    },
    "home-manager": {
      "inputs": {
        "nixpkgs": "nixpkgs",
        "utils": "utils"
      },
      "locked": {
        "lastModified": 1665863351,
        "narHash": "sha256-u8YWmHBTXWvQPBfKOrPWFVjvqhJ+5hUk3/29eR7APko=",
        "owner": "nix-community",
        "repo": "home-manager",
        "rev": "2ecb3ea990cf737cfb42d8cd805fa86347c1afaf",
        "type": "github"
      },
      "original": {
        "owner": "nix-community",
        "repo": "home-manager",
        "type": "github"
      }
    },
    "home-manager-cfg-public": {
      "inputs": {
        "home-manager": "home-manager_2",
        "nixfmt": "nixfmt",
        "nixpkgs": "nixpkgs_3",
        "zsh-autosuggestions": "zsh-autosuggestions",
        "zsh-clipboard-crossystem": "zsh-clipboard-crossystem",
        "zsh-colored-man-pages": "zsh-colored-man-pages"
      },
      "locked": {
        "lastModified": 1662974416,
        "narHash": "sha256-I3iBsw//fVuY2tg2ubK37DoE/7AgJ+CLp0j6nNg6mp0=",
        "ref": "refs/heads/master",
        "rev": "b3a3c8c5f4b10d4c8aa9aba4d2bbaa9f2074e583",
        "revCount": 16,
        "type": "git",
        "url": "git+ssh://git@github.com/INTERUPT13/nix-home-manager-config-public.git"
      },
      "original": {
        "type": "git",
        "url": "git+ssh://git@github.com/INTERUPT13/nix-home-manager-config-public.git"
      }
    },
    "home-manager_2": {
      "inputs": {
        "nixpkgs": [
          "home-manager-cfg-public",
          "nixpkgs"
        ],
        "utils": "utils_2"
      },
      "locked": {
        "lastModified": 1662759269,
        "narHash": "sha256-lt8bAfEZudCQb+MxoNKmenhMTXhu3RCCyLYxU9t5FFk=",
        "owner": "nix-community",
        "repo": "home-manager",
        "rev": "9f7fe353b613d0e45d7a5cdbd1f13c96c15803dd",
        "type": "github"
      },
      "original": {
        "owner": "nix-community",
        "repo": "home-manager",
        "type": "github"
      }
    },
    "nixfmt": {
      "inputs": {
        "flake-compat": "flake-compat",
        "flake-utils": "flake-utils",
        "nixpkgs": "nixpkgs_2"
      },
      "locked": {
        "lastModified": 1649318490,
        "narHash": "sha256-t+g7N8RAC5XSk8bFrertfIZ2/5ASzOvcUpN5uLZc2DQ=",
        "ref": "master",
        "rev": "cb49f929ab727ec858670ee6bfc81c49ff5e56b8",
        "revCount": 202,
        "type": "git",
        "url": "https://github.com/serokell/nixfmt"
      },
      "original": {
        "type": "git",
        "url": "https://github.com/serokell/nixfmt"
      }
    },
    "nixpkgs": {
      "locked": {
        "lastModified": 1662996720,
        "narHash": "sha256-XvLQ3SuXnDMJMpM1sv1ifPjBuRytiDYhB12H/BNTjgY=",
        "owner": "nixos",
        "repo": "nixpkgs",
        "rev": "5f326e2a403e1cebaec378e72ceaf5725983376d",
        "type": "github"
      },
      "original": {
        "owner": "nixos",
        "ref": "nixos-unstable",
        "repo": "nixpkgs",
        "type": "github"
      }
    },
    "nixpkgs_2": {
      "locked": {
        "lastModified": 1647350163,
        "narHash": "sha256-OcMI+PFEHTONthXuEQNddt16Ml7qGvanL3x8QOl2Aao=",
        "owner": "NixOS",
        "repo": "nixpkgs",
        "rev": "3eb07eeafb52bcbf02ce800f032f18d666a9498d",
        "type": "github"
      },
      "original": {
        "owner": "NixOS",
        "ref": "nixpkgs-unstable",
        "repo": "nixpkgs",
        "type": "github"
      }
    },
    "nixpkgs_3": {
      "locked": {
        "lastModified": 1662821606,
        "narHash": "sha256-Z9z9iSH+tgJ0iyRcBfEQRwELgjnhpVXsktiWiFe3SuY=",
        "owner": "nixos",
        "repo": "nixpkgs",
        "rev": "93a0067a9c85c17764f7755947e6ecf52dc47d8a",
        "type": "github"
      },
      "original": {
        "owner": "nixos",
        "ref": "nixos-unstable",
        "repo": "nixpkgs",
        "type": "github"
      }
    },
    "nixpkgs_4": {
      "locked": {
        "lastModified": 1665732960,
        "narHash": "sha256-WBZ+uSHKFyjvd0w4inbm0cNExYTn8lpYFcHEes8tmec=",
        "owner": "nixos",
        "repo": "nixpkgs",
        "rev": "4428e23312933a196724da2df7ab78eb5e67a88e",
        "type": "github"
      },
      "original": {
        "owner": "nixos",
        "ref": "nixos-unstable",
        "repo": "nixpkgs",
        "type": "github"
      }
    },
    "root": {
      "inputs": {
        "hardware-cfg": "hardware-cfg",
        "home-manager": "home-manager",
        "home-manager-cfg-public": "home-manager-cfg-public",
        "nixpkgs": "nixpkgs_4",
        "security-cfg": "security-cfg"
      }
    },
    "security-cfg": {
      "flake": false,
      "locked": {
        "lastModified": 1668846798,
        "narHash": "sha256-+JV5KCGov0h814bUnbiuT6tIsHMzdil2hCvHsGOzJ00=",
        "ref": "refs/heads/master",
        "rev": "2c0ee2f5b27f9df6d67c0ce17c803494b92dfe3c",
        "revCount": 14,
        "type": "git",
        "url": "git+ssh://git@github.com/INTERUPT13/encrypted_zfs_remote-unlock_nixos_security.git"
      },
      "original": {
        "type": "git",
        "url": "git+ssh://git@github.com/INTERUPT13/encrypted_zfs_remote-unlock_nixos_security.git"
      }
    },
    "utils": {
      "locked": {
        "lastModified": 1659877975,
        "narHash": "sha256-zllb8aq3YO3h8B/U0/J1WBgAL8EX5yWf5pMj3G0NAmc=",
        "owner": "numtide",
        "repo": "flake-utils",
        "rev": "c0e246b9b83f637f4681389ecabcb2681b4f3af0",
        "type": "github"
      },
      "original": {
        "owner": "numtide",
        "repo": "flake-utils",
        "type": "github"
      }
    },
    "utils_2": {
      "locked": {
        "lastModified": 1653893745,
        "narHash": "sha256-0jntwV3Z8//YwuOjzhV2sgJJPt+HY6KhU7VZUL0fKZQ=",
        "owner": "numtide",
        "repo": "flake-utils",
        "rev": "1ed9fb1935d260de5fe1c2f7ee0ebaae17ed2fa1",
        "type": "github"
      },
      "original": {
        "owner": "numtide",
        "repo": "flake-utils",
        "type": "github"
      }
    },
    "zsh-autosuggestions": {
      "flake": false,
      "locked": {
        "lastModified": 1622844304,
        "narHash": "sha256-KLUYpUu4DHRumQZ3w59m9aTW6TBKMCXl2UcKi4uMd7w=",
        "ref": "master",
        "rev": "a411ef3e0992d4839f0732ebeb9823024afaaaa8",
        "revCount": 530,
        "type": "git",
        "url": "https://github.com/zsh-users/zsh-autosuggestions"
      },
      "original": {
        "type": "git",
        "url": "https://github.com/zsh-users/zsh-autosuggestions"
      }
    },
    "zsh-clipboard-crossystem": {
      "flake": false,
      "locked": {
        "lastModified": 1656101815,
        "narHash": "sha256-BaYYzl6JArfPWASJtzk44scGejwgyT5+W94ugVDCV3I=",
        "ref": "master",
        "rev": "7fbd15150fe0fc84a34b6aa9e31c5589de3c9ffc",
        "revCount": 34,
        "type": "git",
        "url": "https://github.com/zpm-zsh/clipboard"
      },
      "original": {
        "type": "git",
        "url": "https://github.com/zpm-zsh/clipboard"
      }
    },
    "zsh-colored-man-pages": {
      "flake": false,
      "locked": {
        "lastModified": 1554205411,
        "narHash": "sha256-087bNmB5gDUKoSriHIjXOVZiUG5+Dy9qv3D69E8GBhs=",
        "ref": "master",
        "rev": "57bdda68e52a09075352b18fa3ca21abd31df4cb",
        "revCount": 9,
        "type": "git",
        "url": "https://github.com/ael-code/zsh-colored-man-pages"
      },
      "original": {
        "type": "git",
        "url": "https://github.com/ael-code/zsh-colored-man-pages"
      }
    }
  },
  "root": "root",
  "version": 7
}
